
Microsoft Visual Studio Solution File, Format Version 12.00
# Visual Studio Version 16
VisualStudioVersion = 16.0.32126.315
MinimumVisualStudioVersion = 10.0.40219.1
Project("{9A19103F-16F7-4668-BE54-9A1E7A4F7556}") = "DiscordBotDemo", "DiscordBotDemo\DiscordBotDemo.csproj", "{4A6E4738-90C3-4CC3-9280-A9611C32C743}"
EndProject
Project("{00D1A9C2-B5F0-4AF3-8072-F6C62B433612}") = "Database", "Database\Database.sqlproj", "{55E24E75-2207-4714-B963-76683DD51D42}"
EndProject
Global
	GlobalSection(SolutionConfigurationPlatforms) = preSolution
		Debug|Any CPU = Debug|Any CPU
		Release|Any CPU = Release|Any CPU
	EndGlobalSection
	GlobalSection(ProjectConfigurationPlatforms) = postSolution
		{4A6E4738-90C3-4CC3-9280-A9611C32C743}.Debug|Any CPU.ActiveCfg = Debug|Any CPU
		{4A6E4738-90C3-4CC3-9280-A9611C32C743}.Debug|Any CPU.Build.0 = Debug|Any CPU
		{4A6E4738-90C3-4CC3-9280-A9611C32C743}.Release|Any CPU.ActiveCfg = Release|Any CPU
		{4A6E4738-90C3-4CC3-9280-A9611C32C743}.Release|Any CPU.Build.0 = Release|Any CPU
		{55E24E75-2207-4714-B963-76683DD51D42}.Debug|Any CPU.ActiveCfg = Debug|Any CPU
		{55E24E75-2207-4714-B963-76683DD51D42}.Debug|Any CPU.Build.0 = Debug|Any CPU
		{55E24E75-2207-4714-B963-76683DD51D42}.Debug|Any CPU.Deploy.0 = Debug|Any CPU
		{55E24E75-2207-4714-B963-76683DD51D42}.Release|Any CPU.ActiveCfg = Release|Any CPU
		{55E24E75-2207-4714-B963-76683DD51D42}.Release|Any CPU.Build.0 = Release|Any CPU
		{55E24E75-2207-4714-B963-76683DD51D42}.Release|Any CPU.Deploy.0 = Release|Any CPU
	EndGlobalSection
	GlobalSection(SolutionProperties) = preSolution
		HideSolutionNode = FALSE
	EndGlobalSection
	GlobalSection(ExtensibilityGlobals) = postSolution
		SolutionGuid = {149BF06D-5752-4362-872B-66991483861B}
	EndGlobalSection
EndGlobal
